Microsoft Visual Studio Solution File, Format Version 12.00
# Visual Studio Version 17
VisualStudioVersion = 17.5.2.0
MinimumVisualStudioVersion = 10.0.40219.1
Project("{FAE04EC0-301F-11D3-BF4B-00C04F79EFBC}") = "CraftingSystemMonday", "CraftingSystemMonday.csproj", "{4CB129E8-BBC0-B699-1334-47F2B0AF72A7}"
EndProject
Global
	GlobalSection(SolutionConfigurationPlatforms) = preSolution
		Debug|Any CPU = Debug|Any CPU
		Release|Any CPU = Release|Any CPU
	EndGlobalSection
	GlobalSection(ProjectConfigurationPlatforms) = postSolution
		{4CB129E8-BBC0-B699-1334-47F2B0AF72A7}.Debug|Any CPU.ActiveCfg = Debug|Any CPU
		{4CB129E8-BBC0-B699-1334-47F2B0AF72A7}.Debug|Any CPU.Build.0 = Debug|Any CPU
		{4CB129E8-BBC0-B699-1334-47F2B0AF72A7}.Release|Any CPU.ActiveCfg = Release|Any CPU
		{4CB129E8-BBC0-B699-1334-47F2B0AF72A7}.Release|Any CPU.Build.0 = Release|Any CPU
	EndGlobalSection
	GlobalSection(SolutionProperties) = preSolution
		HideSolutionNode = FALSE
	EndGlobalSection
	GlobalSection(ExtensibilityGlobals) = postSolution
		SolutionGuid = {188206AA-55DA-478B-9B4A-AA00680A3FAD}
	EndGlobalSection
EndGlobal
